// !$*UTF8*$!
{
	archiveVersion = 1;
	classes = {
	};
	objectVersion = 50;
	objects = {

/* Begin PBXBuildFile section */
		3757C2A6232A4F3B0024BEDA /* AppDelegate.swift in Sources */ = {isa = PBXBuildFile; fileRef = 3757C2A5232A4F3B0024BEDA /* AppDelegate.swift */; };
		3757C2A8232A4F3B0024BEDA /* ViewController.swift in Sources */ = {isa = PBXBuildFile; fileRef = 3757C2A7232A4F3B0024BEDA /* ViewController.swift */; };
		3757C2AB232A4F3B0024BEDA /* Main.storyboard in Resources */ = {isa = PBXBuildFile; fileRef = 3757C2A9232A4F3B0024BEDA /* Main.storyboard */; };
		3757C2AE232A4F3B0024BEDA /* Recycler.xcdatamodeld in Sources */ = {isa = PBXBuildFile; fileRef = 3757C2AC232A4F3B0024BEDA /* Recycler.xcdatamodeld */; };
		3757C2B0232A4F3B0024BEDA /* Assets.xcassets in Resources */ = {isa = PBXBuildFile; fileRef = 3757C2AF232A4F3B0024BEDA /* Assets.xcassets */; };
		3757C2B3232A4F3C0024BEDA /* LaunchScreen.storyboard in Resources */ = {isa = PBXBuildFile; fileRef = 3757C2B1232A4F3C0024BEDA /* LaunchScreen.storyboard */; };
		3757C2BE232A4F3C0024BEDA /* RecyclerTests.swift in Sources */ = {isa = PBXBuildFile; fileRef = 3757C2BD232A4F3C0024BEDA /* RecyclerTests.swift */; };
		3757C2C9232A4F3C0024BEDA /* RecyclerUITests.swift in Sources */ = {isa = PBXBuildFile; fileRef = 3757C2C8232A4F3C0024BEDA /* RecyclerUITests.swift */; };
/* End PBXBuildFile section */

/* Begin PBXContainerItemProxy section */
		3757C2BA232A4F3C0024BEDA /* PBXContainerItemProxy */ = {
			isa = PBXContainerItemProxy;
			containerPortal = 3757C29A232A4F3B0024BEDA /* Project object */;
			proxyType = 1;
			remoteGlobalIDString = 3757C2A1232A4F3B0024BEDA;
			remoteInfo = Recycler;
		};
		3757C2C5232A4F3C0024BEDA /* PBXContainerItemProxy */ = {
			isa = PBXContainerItemProxy;
			containerPortal = 3757C29A232A4F3B0024BEDA /* Project object */;
			proxyType = 1;
			remoteGlobalIDString = 3757C2A1232A4F3B0024BEDA;
			remoteInfo = Recycler;
		};
/* End PBXContainerItemProxy section */

/* Begin PBXFileReference section */
		3757C2A2232A4F3B0024BEDA /* Recycler.app */ = {isa = PBXFileReference; explicitFileType = wrapper.application; includeInIndex = 0; path = Recycler.app; sourceTree = BUILT_PRODUCTS_DIR; };
		3757C2A5232A4F3B0024BEDA /* AppDelegate.swift */ = {isa = PBXFileReference; lastKnownFileType = sourcecode.swift; path = AppDelegate.swift; sourceTree = "<group>"; };
		3757C2A7232A4F3B0024BEDA /* ViewController.swift */ = {isa = PBXFileReference; lastKnownFileType = sourcecode.swift; path = ViewController.swift; sourceTree = "<group>"; };
		3757C2AA232A4F3B0024BEDA /* Base */ = {isa = PBXFileReference; lastKnownFileType = file.storyboard; name = Base; path = Base.lproj/Main.storyboard; sourceTree = "<group>"; };
		3757C2AD232A4F3B0024BEDA /* Recycler.xcdatamodel */ = {isa = PBXFileReference; lastKnownFileType = wrapper.xcdatamodel; path = Recycler.xcdatamodel; sourceTree = "<group>"; };
		3757C2AF232A4F3B0024BEDA /* Assets.xcassets */ = {isa = PBXFileReference; lastKnownFileType = folder.assetcatalog; path = Assets.xcassets; sourceTree = "<group>"; };
		3757C2B2232A4F3C0024BEDA /* Base */ = {isa = PBXFileReference; lastKnownFileType = file.storyboard; name = Base; path = Base.lproj/LaunchScreen.storyboard; sourceTree = "<group>"; };
		3757C2B4232A4F3C0024BEDA /* Info.plist */ = {isa = PBXFileReference; lastKnownFileType = text.plist.xml; path = Info.plist; sourceTree = "<group>"; };
		3757C2B9232A4F3C0024BEDA /* RecyclerTests.xctest */ = {isa = PBXFileReference; explicitFileType = wrapper.cfbundle; includeInIndex = 0; path = RecyclerTests.xctest; sourceTree = BUILT_PRODUCTS_DIR; };
		3757C2BD232A4F3C0024BEDA /* RecyclerTests.swift */ = {isa = PBXFileReference; lastKnownFileType = sourcecode.swift; path = RecyclerTests.swift; sourceTree = "<group>"; };
		3757C2BF232A4F3C0024BEDA /* Info.plist */ = {isa = PBXFileReference; lastKnownFileType = text.plist.xml; path = Info.plist; sourceTree = "<group>"; };
		3757C2C4232A4F3C0024BEDA /* RecyclerUITests.xctest */ = {isa = PBXFileReference; explicitFileType = wrapper.cfbundle; includeInIndex = 0; path = RecyclerUITests.xctest; sourceTree = BUILT_PRODUCTS_DIR; };
		3757C2C8232A4F3C0024BEDA /* RecyclerUITests.swift */ = {isa = PBXFileReference; lastKnownFileType = sourcecode.swift; path = RecyclerUITests.swift; sourceTree = "<group>"; };
		3757C2CA232A4F3C0024BEDA /* Info.plist */ = {isa = PBXFileReference; lastKnownFileType = text.plist.xml; path = Info.plist; sourceTree = "<group>"; };
/* End PBXFileReference section */

/* Begin PBXFrameworksBuildPhase section */
		3757C29F232A4F3B0024BEDA /* Frameworks */ = {
			isa = PBXFrameworksBuildPhase;
			buildActionMask = 2147483647;
			files = (
			);
			runOnlyForDeploymentPostprocessing = 0;
		};
		3757C2B6232A4F3C0024BEDA /* Frameworks */ = {
			isa = PBXFrameworksBuildPhase;
			buildActionMask = 2147483647;
			files = (
			);
			runOnlyForDeploymentPostprocessing = 0;
		};
		3757C2C1232A4F3C0024BEDA /* Frameworks */ = {
			isa = PBXFrameworksBuildPhase;
			buildActionMask = 2147483647;
			files = (
			);
			runOnlyForDeploymentPostprocessing = 0;
		};
/* End PBXFrameworksBuildPhase section */

/* Begin PBXGroup section */
		3757C299232A4F3B0024BEDA = {
			isa = PBXGroup;
			children = (
				3757C2A4232A4F3B0024BEDA /* Recycler */,
				3757C2BC232A4F3C0024BEDA /* RecyclerTests */,
				3757C2C7232A4F3C0024BEDA /* RecyclerUITests */,
				3757C2A3232A4F3B0024BEDA /* Products */,
			);
			sourceTree = "<group>";
		};
		3757C2A3232A4F3B0024BEDA /* Products */ = {
			isa = PBXGroup;
			children = (
				3757C2A2232A4F3B0024BEDA /* Recycler.app */,
				3757C2B9232A4F3C0024BEDA /* RecyclerTests.xctest */,
				3757C2C4232A4F3C0024BEDA /* RecyclerUITests.xctest */,
			);
			name = Products;
			sourceTree = "<group>";
		};
		3757C2A4232A4F3B0024BEDA /* Recycler */ = {
			isa = PBXGroup;
			children = (
				3757C2A5232A4F3B0024BEDA /* AppDelegate.swift */,
				3757C2A7232A4F3B0024BEDA /* ViewController.swift */,
				3757C2A9232A4F3B0024BEDA /* Main.storyboard */,
				3757C2AF232A4F3B0024BEDA /* Assets.xcassets */,
				3757C2B1232A4F3C0024BEDA /* LaunchScreen.storyboard */,
				3757C2B4232A4F3C0024BEDA /* Info.plist */,
				3757C2AC232A4F3B0024BEDA /* Recycler.xcdatamodeld */,
			);
			path = Recycler;
			sourceTree = "<group>";
		};
		3757C2BC232A4F3C0024BEDA /* RecyclerTests */ = {
			isa = PBXGroup;
			children = (
				3757C2BD232A4F3C0024BEDA /* RecyclerTests.swift */,
				3757C2BF232A4F3C0024BEDA /* Info.plist */,
			);
			path = RecyclerTests;
			sourceTree = "<group>";
		};
		3757C2C7232A4F3C0024BEDA /* RecyclerUITests */ = {
			isa = PBXGroup;
			children = (
				3757C2C8232A4F3C0024BEDA /* RecyclerUITests.swift */,
				3757C2CA232A4F3C0024BEDA /* Info.plist */,
			);
			path = RecyclerUITests;
			sourceTree = "<group>";
		};
/* End PBXGroup section */

/* Begin PBXNativeTarget section */
		3757C2A1232A4F3B0024BEDA /* Recycler */ = {
			isa = PBXNativeTarget;
			buildConfigurationList = 3757C2CD232A4F3C0024BEDA /* Build configuration list for PBXNativeTarget "Recycler" */;
			buildPhases = (
				3757C29E232A4F3B0024BEDA /* Sources */,
				3757C29F232A4F3B0024BEDA /* Frameworks */,
				3757C2A0232A4F3B0024BEDA /* Resources */,
			);
			buildRules = (
			);
			dependencies = (
			);
			name = Recycler;
			productName = Recycler;
			productReference = 3757C2A2232A4F3B0024BEDA /* Recycler.app */;
			productType = "com.apple.product-type.application";
		};
		3757C2B8232A4F3C0024BEDA /* RecyclerTests */ = {
			isa = PBXNativeTarget;
			buildConfigurationList = 3757C2D0232A4F3C0024BEDA /* Build configuration list for PBXNativeTarget "RecyclerTests" */;
			buildPhases = (
				3757C2B5232A4F3C0024BEDA /* Sources */,
				3757C2B6232A4F3C0024BEDA /* Frameworks */,
				3757C2B7232A4F3C0024BEDA /* Resources */,
			);
			buildRules = (
			);
			dependencies = (
				3757C2BB232A4F3C0024BEDA /* PBXTargetDependency */,
			);
			name = RecyclerTests;
			productName = RecyclerTests;
			productReference = 3757C2B9232A4F3C0024BEDA /* RecyclerTests.xctest */;
			productType = "com.apple.product-type.bundle.unit-test";
		};
		3757C2C3232A4F3C0024BEDA /* RecyclerUITests */ = {
			isa = PBXNativeTarget;
			buildConfigurationList = 3757C2D3232A4F3C0024BEDA /* Build configuration list for PBXNativeTarget "RecyclerUITests" */;
			buildPhases = (
				3757C2C0232A4F3C0024BEDA /* Sources */,
				3757C2C1232A4F3C0024BEDA /* Frameworks */,
				3757C2C2232A4F3C0024BEDA /* Resources */,
			);
			buildRules = (
			);
			dependencies = (
				3757C2C6232A4F3C0024BEDA /* PBXTargetDependency */,
			);
			name = RecyclerUITests;
			productName = RecyclerUITests;
			productReference = 3757C2C4232A4F3C0024BEDA /* RecyclerUITests.xctest */;
			productType = "com.apple.product-type.bundle.ui-testing";
		};
/* End PBXNativeTarget section */

/* Begin PBXProject section */
		3757C29A232A4F3B0024BEDA /* Project object */ = {
			isa = PBXProject;
			attributes = {
				LastSwiftUpdateCheck = 1030;
				LastUpgradeCheck = 1030;
				ORGANIZATIONNAME = Linuxpolska;
				TargetAttributes = {
					3757C2A1232A4F3B0024BEDA = {
						CreatedOnToolsVersion = 10.3;
					};
					3757C2B8232A4F3C0024BEDA = {
						CreatedOnToolsVersion = 10.3;
						TestTargetID = 3757C2A1232A4F3B0024BEDA;
					};
					3757C2C3232A4F3C0024BEDA = {
						CreatedOnToolsVersion = 10.3;
						TestTargetID = 3757C2A1232A4F3B0024BEDA;
					};
				};
			};
			buildConfigurationList = 3757C29D232A4F3B0024BEDA /* Build configuration list for PBXProject "Recycler" */;
			compatibilityVersion = "Xcode 9.3";
			developmentRegion = en;
			hasScannedForEncodings = 0;
			knownRegions = (
				en,
				Base,
			);
			mainGroup = 3757C299232A4F3B0024BEDA;
			productRefGroup = 3757C2A3232A4F3B0024BEDA /* Products */;
			projectDirPath = "";
			projectRoot = "";
			targets = (
				3757C2A1232A4F3B0024BEDA /* Recycler */,
				3757C2B8232A4F3C0024BEDA /* RecyclerTests */,
				3757C2C3232A4F3C0024BEDA /* RecyclerUITests */,
			);
		};
/* End PBXProject section */

/* Begin PBXResourcesBuildPhase section */
		3757C2A0232A4F3B0024BEDA /* Resources */ = {
			isa = PBXResourcesBuildPhase;
			buildActionMask = 2147483647;
			files = (
				3757C2B3232A4F3C0024BEDA /* LaunchScreen.storyboard in Resources */,
				3757C2B0232A4F3B0024BEDA /* Assets.xcassets in Resources */,
				3757C2AB232A4F3B0024BEDA /* Main.storyboard in Resources */,
			);
			runOnlyForDeploymentPostprocessing = 0;
		};
		3757C2B7232A4F3C0024BEDA /* Resources */ = {
			isa = PBXResourcesBuildPhase;
			buildActionMask = 2147483647;
			files = (
			);
			runOnlyForDeploymentPostprocessing = 0;
		};
		3757C2C2232A4F3C0024BEDA /* Resources */ = {
			isa = PBXResourcesBuildPhase;
			buildActionMask = 2147483647;
			files = (
			);
			runOnlyForDeploymentPostprocessing = 0;
		};
/* End PBXResourcesBuildPhase section */

/* Begin PBXSourcesBuildPhase section */
		3757C29E232A4F3B0024BEDA /* Sources */ = {
			isa = PBXSourcesBuildPhase;
			buildActionMask = 2147483647;
			files = (
				3757C2AE232A4F3B0024BEDA /* Recycler.xcdatamodeld in Sources */,
				3757C2A8232A4F3B0024BEDA /* ViewController.swift in Sources */,
				3757C2A6232A4F3B0024BEDA /* AppDelegate.swift in Sources */,
			);
			runOnlyForDeploymentPostprocessing = 0;
		};
		3757C2B5232A4F3C0024BEDA /* Sources */ = {
			isa = PBXSourcesBuildPhase;
			buildActionMask = 2147483647;
			files = (
				3757C2BE232A4F3C0024BEDA /* RecyclerTests.swift in Sources */,
			);
			runOnlyForDeploymentPostprocessing = 0;
		};
		3757C2C0232A4F3C0024BEDA /* Sources */ = {
			isa = PBXSourcesBuildPhase;
			buildActionMask = 2147483647;
			files = (
				3757C2C9232A4F3C0024BEDA /* RecyclerUITests.swift in Sources */,
			);
			runOnlyForDeploymentPostprocessing = 0;
		};
/* End PBXSourcesBuildPhase section */

/* Begin PBXTargetDependency section */
		3757C2BB232A4F3C0024BEDA /* PBXTargetDependency */ = {
			isa = PBXTargetDependency;
			target = 3757C2A1232A4F3B0024BEDA /* Recycler */;
			targetProxy = 3757C2BA232A4F3C0024BEDA /* PBXContainerItemProxy */;
		};
		3757C2C6232A4F3C0024BEDA /* PBXTargetDependency */ = {
			isa = PBXTargetDependency;
			target = 3757C2A1232A4F3B0024BEDA /* Recycler */;
			targetProxy = 3757C2C5232A4F3C0024BEDA /* PBXContainerItemProxy */;
		};
/* End PBXTargetDependency section */

/* Begin PBXVariantGroup section */
		3757C2A9232A4F3B0024BEDA /* Main.storyboard */ = {
			isa = PBXVariantGroup;
			children = (
				3757C2AA232A4F3B0024BEDA /* Base */,
			);
			name = Main.storyboard;
			sourceTree = "<group>";
		};
		3757C2B1232A4F3C0024BEDA /* LaunchScreen.storyboard */ = {
			isa = PBXVariantGroup;
			children = (
				3757C2B2232A4F3C0024BEDA /* Base */,
			);
			name = LaunchScreen.storyboard;
			sourceTree = "<group>";
		};
/* End PBXVariantGroup section */

/* Begin XCBuildConfiguration section */
		3757C2CB232A4F3C0024BEDA /* Debug */ = {
			isa = XCBuildConfiguration;
			buildSettings = {
				ALWAYS_SEARCH_USER_PATHS = NO;
				CLANG_ANALYZER_NONNULL = YES;
				CLANG_ANALYZER_NUMBER_OBJECT_CONVERSION = YES_AGGRESSIVE;
				CLANG_CXX_LANGUAGE_STANDARD = "gnu++14";
				CLANG_CXX_LIBRARY = "libc++";
				CLANG_ENABLE_MODULES = YES;
				CLANG_ENABLE_OBJC_ARC = YES;
				CLANG_ENABLE_OBJC_WEAK = YES;
				CLANG_WARN_BLOCK_CAPTURE_AUTORELEASING = YES;
				CLANG_WARN_BOOL_CONVERSION = YES;
				CLANG_WARN_COMMA = YES;
				CLANG_WARN_CONSTANT_CONVERSION = YES;
				CLANG_WARN_DEPRECATED_OBJC_IMPLEMENTATIONS = YES;
				CLANG_WARN_DIRECT_OBJC_ISA_USAGE = YES_ERROR;
				CLANG_WARN_DOCUMENTATION_COMMENTS = YES;
				CLANG_WARN_EMPTY_BODY = YES;
				CLANG_WARN_ENUM_CONVERSION = YES;
				CLANG_WARN_INFINITE_RECURSION = YES;
				CLANG_WARN_INT_CONVERSION = YES;
				CLANG_WARN_NON_LITERAL_NULL_CONVERSION = YES;
				CLANG_WARN_OBJC_IMPLICIT_RETAIN_SELF = YES;
				CLANG_WARN_OBJC_LITERAL_CONVERSION = YES;
				CLANG_WARN_OBJC_ROOT_CLASS = YES_ERROR;
				CLANG_WARN_RANGE_LOOP_ANALYSIS = YES;
				CLANG_WARN_STRICT_PROTOTYPES = YES;
				CLANG_WARN_SUSPICIOUS_MOVE = YES;
				CLANG_WARN_UNGUARDED_AVAILABILITY = YES_AGGRESSIVE;
				CLANG_WARN_UNREACHABLE_CODE = YES;
				CLANG_WARN__DUPLICATE_METHOD_MATCH = YES;
				CODE_SIGN_IDENTITY = "iPhone Developer";
				COPY_PHASE_STRIP = NO;
				DEBUG_INFORMATION_FORMAT = dwarf;
				ENABLE_STRICT_OBJC_MSGSEND = YES;
				ENABLE_TESTABILITY = YES;
				GCC_C_LANGUAGE_STANDARD = gnu11;
				GCC_DYNAMIC_NO_PIC = NO;
				GCC_NO_COMMON_BLOCKS = YES;
				GCC_OPTIMIZATION_LEVEL = 0;
				GCC_PREPROCESSOR_DEFINITIONS = (
					"DEBUG=1",
					"$(inherited)",
				);
				GCC_WARN_64_TO_32_BIT_CONVERSION = YES;
				GCC_WARN_ABOUT_RETURN_TYPE = YES_ERROR;
				GCC_WARN_UNDECLARED_SELECTOR = YES;
				GCC_WARN_UNINITIALIZED_AUTOS = YES_AGGRESSIVE;
				GCC_WARN_UNUSED_FUNCTION = YES;
				GCC_WARN_UNUSED_VARIABLE = YES;
				IPHONEOS_DEPLOYMENT_TARGET = 12.4;
				MTL_ENABLE_DEBUG_INFO = INCLUDE_SOURCE;
				MTL_FAST_MATH = YES;
				ONLY_ACTIVE_ARCH = YES;
				SDKROOT = iphoneos;
				SWIFT_ACTIVE_COMPILATION_CONDITIONS = DEBUG;
				SWIFT_OPTIMIZATION_LEVEL = "-Onone";
			};
			name = Debug;
		};
		3757C2CC232A4F3C0024BEDA /* Release */ = {
			isa = XCBuildConfiguration;
			buildSettings = {
				ALWAYS_SEARCH_USER_PATHS = NO;
				CLANG_ANALYZER_NONNULL = YES;
				CLANG_ANALYZER_NUMBER_OBJECT_CONVERSION = YES_AGGRESSIVE;
				CLANG_CXX_LANGUAGE_STANDARD = "gnu++14";
				CLANG_CXX_LIBRARY = "libc++";
				CLANG_ENABLE_MODULES = YES;
				CLANG_ENABLE_OBJC_ARC = YES;
				CLANG_ENABLE_OBJC_WEAK = YES;
				CLANG_WARN_BLOCK_CAPTURE_AUTORELEASING = YES;
				CLANG_WARN_BOOL_CONVERSION = YES;
				CLANG_WARN_COMMA = YES;
				CLANG_WARN_CONSTANT_CONVERSION = YES;
				CLANG_WARN_DEPRECATED_OBJC_IMPLEMENTATIONS = YES;
				CLANG_WARN_DIRECT_OBJC_ISA_USAGE = YES_ERROR;
				CLANG_WARN_DOCUMENTATION_COMMENTS = YES;
				CLANG_WARN_EMPTY_BODY = YES;
				CLANG_WARN_ENUM_CONVERSION = YES;
				CLANG_WARN_INFINITE_RECURSION = YES;
				CLANG_WARN_INT_CONVERSION = YES;
				CLANG_WARN_NON_LITERAL_NULL_CONVERSION = YES;
				CLANG_WARN_OBJC_IMPLICIT_RETAIN_SELF = YES;
				CLANG_WARN_OBJC_LITERAL_CONVERSION = YES;
				CLANG_WARN_OBJC_ROOT_CLASS = YES_ERROR;
				CLANG_WARN_RANGE_LOOP_ANALYSIS = YES;
				CLANG_WARN_STRICT_PROTOTYPES = YES;
				CLANG_WARN_SUSPICIOUS_MOVE = YES;
				CLANG_WARN_UNGUARDED_AVAILABILITY = YES_AGGRESSIVE;
				CLANG_WARN_UNREACHABLE_CODE = YES;
				CLANG_WARN__DUPLICATE_METHOD_MATCH = YES;
				CODE_SIGN_IDENTITY = "iPhone Developer";
				COPY_PHASE_STRIP = NO;
				DEBUG_INFORMATION_FORMAT = "dwarf-with-dsym";
				ENABLE_NS_ASSERTIONS = NO;
				ENABLE_STRICT_OBJC_MSGSEND = YES;
				GCC_C_LANGUAGE_STANDARD = gnu11;
				GCC_NO_COMMON_BLOCKS = YES;
				GCC_WARN_64_TO_32_BIT_CONVERSION = YES;
				GCC_WARN_ABOUT_RETURN_TYPE = YES_ERROR;
				GCC_WARN_UNDECLARED_SELECTOR = YES;
				GCC_WARN_UNINITIALIZED_AUTOS = YES_AGGRESSIVE;
				GCC_WARN_UNUSED_FUNCTION = YES;
				GCC_WARN_UNUSED_VARIABLE = YES;
				IPHONEOS_DEPLOYMENT_TARGET = 12.4;
				MTL_ENABLE_DEBUG_INFO = NO;
				MTL_FAST_MATH = YES;
				SDKROOT = iphoneos;
				SWIFT_COMPILATION_MODE = wholemodule;
				SWIFT_OPTIMIZATION_LEVEL = "-O";
				VALIDATE_PRODUCT = YES;
			};
			name = Release;
		};
		3757C2CE232A4F3C0024BEDA /* Debug */ = {
			isa = XCBuildConfiguration;
			buildSettings = {
				ASSETCATALOG_COMPILER_APPICON_NAME = AppIcon;
				CODE_SIGN_STYLE = Automatic;
				DEVELOPMENT_TEAM = 3VZXX9Y6DD;
				INFOPLIST_FILE = Recycler/Info.plist;
				LD_RUNPATH_SEARCH_PATHS = (
					"$(inherited)",
					"@executable_path/Frameworks",
				);
				PRODUCT_BUNDLE_IDENTIFIER = pmwork.Recycler;
				PRODUCT_NAME = "$(TARGET_NAME)";
				SWIFT_VERSION = 5.0;
				TARGETED_DEVICE_FAMILY = "1,2";
			};
			name = Debug;
		};
		3757C2CF232A4F3C0024BEDA /* Release */ = {
			isa = XCBuildConfiguration;
			buildSettings = {
				ASSETCATALOG_COMPILER_APPICON_NAME = AppIcon;
				CODE_SIGN_STYLE = Automatic;
				DEVELOPMENT_TEAM = 3VZXX9Y6DD;
				INFOPLIST_FILE = Recycler/Info.plist;
				LD_RUNPATH_SEARCH_PATHS = (
					"$(inherited)",
					"@executable_path/Frameworks",
				);
				PRODUCT_BUNDLE_IDENTIFIER = pmwork.Recycler;
				PRODUCT_NAME = "$(TARGET_NAME)";
				SWIFT_VERSION = 5.0;
				TARGETED_DEVICE_FAMILY = "1,2";
			};
			name = Release;
		};
		3757C2D1232A4F3C0024BEDA /* Debug */ = {
			isa = XCBuildConfiguration;
			buildSettings = {
				ALWAYS_EMBED_SWIFT_STANDARD_LIBRARIES = YES;
				BUNDLE_LOADER = "$(TEST_HOST)";
				CODE_SIGN_STYLE = Automatic;
				DEVELOPMENT_TEAM = 3VZXX9Y6DD;
				INFOPLIST_FILE = RecyclerTests/Info.plist;
				LD_RUNPATH_SEARCH_PATHS = (
					"$(inherited)",
					"@executable_path/Frameworks",
					"@loader_path/Frameworks",
				);
				PRODUCT_BUNDLE_IDENTIFIER = pmwork.RecyclerTests;
				PRODUCT_NAME = "$(TARGET_NAME)";
				SWIFT_VERSION = 5.0;
				TARGETED_DEVICE_FAMILY = "1,2";
				TEST_HOST = "$(BUILT_PRODUCTS_DIR)/Recycler.app/Recycler";
			};
			name = Debug;
		};
		3757C2D2232A4F3C0024BEDA /* Release */ = {
			isa = XCBuildConfiguration;
			buildSettings = {
				ALWAYS_EMBED_SWIFT_STANDARD_LIBRARIES = YES;
				BUNDLE_LOADER = "$(TEST_HOST)";
				CODE_SIGN_STYLE = Automatic;
				DEVELOPMENT_TEAM = 3VZXX9Y6DD;
				INFOPLIST_FILE = RecyclerTests/Info.plist;
				LD_RUNPATH_SEARCH_PATHS = (
					"$(inherited)",
					"@executable_path/Frameworks",
					"@loader_path/Frameworks",
				);
				PRODUCT_BUNDLE_IDENTIFIER = pmwork.RecyclerTests;
				PRODUCT_NAME = "$(TARGET_NAME)";
				SWIFT_VERSION = 5.0;
				TARGETED_DEVICE_FAMILY = "1,2";
				TEST_HOST = "$(BUILT_PRODUCTS_DIR)/Recycler.app/Recycler";
			};
			name = Release;
		};
		3757C2D4232A4F3C0024BEDA /* Debug */ = {
			isa = XCBuildConfiguration;
			buildSettings = {
				ALWAYS_EMBED_SWIFT_STANDARD_LIBRARIES = YES;
				CODE_SIGN_STYLE = Automatic;
				DEVELOPMENT_TEAM = 3VZXX9Y6DD;
				INFOPLIST_FILE = RecyclerUITests/Info.plist;
				LD_RUNPATH_SEARCH_PATHS = (
					"$(inherited)",
					"@executable_path/Frameworks",
					"@loader_path/Frameworks",
				);
				PRODUCT_BUNDLE_IDENTIFIER = pmwork.RecyclerUITests;
				PRODUCT_NAME = "$(TARGET_NAME)";
				SWIFT_VERSION = 5.0;
				TARGETED_DEVICE_FAMILY = "1,2";
				TEST_TARGET_NAME = Recycler;
			};
			name = Debug;
		};
		3757C2D5232A4F3C0024BEDA /* Release */ = {
			isa = XCBuildConfiguration;
			buildSettings = {
				ALWAYS_EMBED_SWIFT_STANDARD_LIBRARIES = YES;
				CODE_SIGN_STYLE = Automatic;
				DEVELOPMENT_TEAM = 3VZXX9Y6DD;
				INFOPLIST_FILE = RecyclerUITests/Info.plist;
				LD_RUNPATH_SEARCH_PATHS = (
					"$(inherited)",
					"@executable_path/Frameworks",
					"@loader_path/Frameworks",
				);
				PRODUCT_BUNDLE_IDENTIFIER = pmwork.RecyclerUITests;
				PRODUCT_NAME = "$(TARGET_NAME)";
				SWIFT_VERSION = 5.0;
				TARGETED_DEVICE_FAMILY = "1,2";
				TEST_TARGET_NAME = Recycler;
			};
			name = Release;
		};
/* End XCBuildConfiguration section */

/* Begin XCConfigurationList section */
		3757C29D232A4F3B0024BEDA /* Build configuration list for PBXProject "Recycler" */ = {
			isa = XCConfigurationList;
			buildConfigurations = (
				3757C2CB232A4F3C0024BEDA /* Debug */,
				3757C2CC232A4F3C0024BEDA /* Release */,
			);
			defaultConfigurationIsVisible = 0;
			defaultConfigurationName = Release;
		};
		3757C2CD232A4F3C0024BEDA /* Build configuration list for PBXNativeTarget "Recycler" */ = {
			isa = XCConfigurationList;
			buildConfigurations = (
				3757C2CE232A4F3C0024BEDA /* Debug */,
				3757C2CF232A4F3C0024BEDA /* Release */,
			);
			defaultConfigurationIsVisible = 0;
			defaultConfigurationName = Release;
		};
		3757C2D0232A4F3C0024BEDA /* Build configuration list for PBXNativeTarget "RecyclerTests" */ = {
			isa = XCConfigurationList;
			buildConfigurations = (
				3757C2D1232A4F3C0024BEDA /* Debug */,
				3757C2D2232A4F3C0024BEDA /* Release */,
			);
			defaultConfigurationIsVisible = 0;
			defaultConfigurationName = Release;
		};
		3757C2D3232A4F3C0024BEDA /* Build configuration list for PBXNativeTarget "RecyclerUITests" */ = {
			isa = XCConfigurationList;
			buildConfigurations = (
				3757C2D4232A4F3C0024BEDA /* Debug */,
				3757C2D5232A4F3C0024BEDA /* Release */,
			);
			defaultConfigurationIsVisible = 0;
			defaultConfigurationName = Release;
		};
/* End XCConfigurationList section */

/* Begin XCVersionGroup section */
		3757C2AC232A4F3B0024BEDA /* Recycler.xcdatamodeld */ = {
			isa = XCVersionGroup;
			children = (
				3757C2AD232A4F3B0024BEDA /* Recycler.xcdatamodel */,
			);
			currentVersion = 3757C2AD232A4F3B0024BEDA /* Recycler.xcdatamodel */;
			path = Recycler.xcdatamodeld;
			sourceTree = "<group>";
			versionGroupType = wrapper.xcdatamodel;
		};
/* End XCVersionGroup section */
	};
	rootObject = 3757C29A232A4F3B0024BEDA /* Project object */;
}
